// !$*UTF8*$!
{
	archiveVersion = 1;
	classes = {
	};
	objectVersion = 50;
	objects = {

/* Begin PBXBuildFile section */
		80D37264251616BA00861743 /* AppDelegate.swift in Sources */ = {isa = PBXBuildFile; fileRef = 80D37263251616BA00861743 /* AppDelegate.swift */; };
		80D37266251616BA00861743 /* SceneDelegate.swift in Sources */ = {isa = PBXBuildFile; fileRef = 80D37265251616BA00861743 /* SceneDelegate.swift */; };
		80D3726B251616BA00861743 /* Main.storyboard in Resources */ = {isa = PBXBuildFile; fileRef = 80D37269251616BA00861743 /* Main.storyboard */; };
		80D3726E251616BA00861743 /* MyGym.xcdatamodeld in Sources */ = {isa = PBXBuildFile; fileRef = 80D3726C251616BA00861743 /* MyGym.xcdatamodeld */; };
		80D37270251616BB00861743 /* Assets.xcassets in Resources */ = {isa = PBXBuildFile; fileRef = 80D3726F251616BB00861743 /* Assets.xcassets */; };
		80D37273251616BB00861743 /* LaunchScreen.storyboard in Resources */ = {isa = PBXBuildFile; fileRef = 80D37271251616BB00861743 /* LaunchScreen.storyboard */; };
		80D3728225161FD100861743 /* Exercise.swift in Sources */ = {isa = PBXBuildFile; fileRef = 80D3728125161FD100861743 /* Exercise.swift */; };
		80D372862516207C00861743 /* Workout.swift in Sources */ = {isa = PBXBuildFile; fileRef = 80D372852516207C00861743 /* Workout.swift */; };
		80D3728A251623EF00861743 /* TestWorkouts.swift in Sources */ = {isa = PBXBuildFile; fileRef = 80D37289251623EF00861743 /* TestWorkouts.swift */; };
		80D3728E251629B800861743 /* WorkoutDiagrammView.swift in Sources */ = {isa = PBXBuildFile; fileRef = 80D3728D251629B800861743 /* WorkoutDiagrammView.swift */; };
		80D3729125162B6A00861743 /* WorkoutFeedCell.swift in Sources */ = {isa = PBXBuildFile; fileRef = 80D3729025162B6A00861743 /* WorkoutFeedCell.swift */; };
		80D3729F25162F1A00861743 /* FeedViewController.swift in Sources */ = {isa = PBXBuildFile; fileRef = 80D3729E25162F1A00861743 /* FeedViewController.swift */; };
		80D372A32516356F00861743 /* User.swift in Sources */ = {isa = PBXBuildFile; fileRef = 80D372A22516356F00861743 /* User.swift */; };
		80D372A72516384200861743 /* Post.swift in Sources */ = {isa = PBXBuildFile; fileRef = 80D372A62516384200861743 /* Post.swift */; };
		80D372AA25163C5A00861743 /* AddPostViewController.swift in Sources */ = {isa = PBXBuildFile; fileRef = 80D372A925163C5A00861743 /* AddPostViewController.swift */; };
		80D372B1251646CC00861743 /* SelectWorkoutTableViewCell.swift in Sources */ = {isa = PBXBuildFile; fileRef = 80D372B0251646CC00861743 /* SelectWorkoutTableViewCell.swift */; };
		80D372BA2516497E00861743 /* WorkoutSelectionTableViewController.swift in Sources */ = {isa = PBXBuildFile; fileRef = 80D372B92516497E00861743 /* WorkoutSelectionTableViewController.swift */; };
/* End PBXBuildFile section */

/* Begin PBXFileReference section */
		80D37260251616BA00861743 /* MyGym.app */ = {isa = PBXFileReference; explicitFileType = wrapper.application; includeInIndex = 0; path = MyGym.app; sourceTree = BUILT_PRODUCTS_DIR; };
		80D37263251616BA00861743 /* AppDelegate.swift */ = {isa = PBXFileReference; lastKnownFileType = sourcecode.swift; path = AppDelegate.swift; sourceTree = "<group>"; };
		80D37265251616BA00861743 /* SceneDelegate.swift */ = {isa = PBXFileReference; lastKnownFileType = sourcecode.swift; path = SceneDelegate.swift; sourceTree = "<group>"; };
		80D3726A251616BA00861743 /* Base */ = {isa = PBXFileReference; lastKnownFileType = file.storyboard; name = Base; path = Base.lproj/Main.storyboard; sourceTree = "<group>"; };
		80D3726D251616BA00861743 /* MyGym.xcdatamodel */ = {isa = PBXFileReference; lastKnownFileType = wrapper.xcdatamodel; path = MyGym.xcdatamodel; sourceTree = "<group>"; };
		80D3726F251616BB00861743 /* Assets.xcassets */ = {isa = PBXFileReference; lastKnownFileType = folder.assetcatalog; path = Assets.xcassets; sourceTree = "<group>"; };
		80D37272251616BB00861743 /* Base */ = {isa = PBXFileReference; lastKnownFileType = file.storyboard; name = Base; path = Base.lproj/LaunchScreen.storyboard; sourceTree = "<group>"; };
		80D37274251616BB00861743 /* Info.plist */ = {isa = PBXFileReference; lastKnownFileType = text.plist.xml; path = Info.plist; sourceTree = "<group>"; };
		80D3728125161FD100861743 /* Exercise.swift */ = {isa = PBXFileReference; lastKnownFileType = sourcecode.swift; path = Exercise.swift; sourceTree = "<group>"; };
		80D372852516207C00861743 /* Workout.swift */ = {isa = PBXFileReference; lastKnownFileType = sourcecode.swift; path = Workout.swift; sourceTree = "<group>"; };
		80D37289251623EF00861743 /* TestWorkouts.swift */ = {isa = PBXFileReference; lastKnownFileType = sourcecode.swift; path = TestWorkouts.swift; sourceTree = "<group>"; };
		80D3728D251629B800861743 /* WorkoutDiagrammView.swift */ = {isa = PBXFileReference; lastKnownFileType = sourcecode.swift; path = WorkoutDiagrammView.swift; sourceTree = "<group>"; };
		80D3729025162B6A00861743 /* WorkoutFeedCell.swift */ = {isa = PBXFileReference; lastKnownFileType = sourcecode.swift; path = WorkoutFeedCell.swift; sourceTree = "<group>"; };
		80D3729E25162F1A00861743 /* FeedViewController.swift */ = {isa = PBXFileReference; lastKnownFileType = sourcecode.swift; path = FeedViewController.swift; sourceTree = "<group>"; };
		80D372A22516356F00861743 /* User.swift */ = {isa = PBXFileReference; lastKnownFileType = sourcecode.swift; path = User.swift; sourceTree = "<group>"; };
		80D372A62516384200861743 /* Post.swift */ = {isa = PBXFileReference; lastKnownFileType = sourcecode.swift; path = Post.swift; sourceTree = "<group>"; };
		80D372A925163C5A00861743 /* AddPostViewController.swift */ = {isa = PBXFileReference; lastKnownFileType = sourcecode.swift; path = AddPostViewController.swift; sourceTree = "<group>"; };
		80D372B0251646CC00861743 /* SelectWorkoutTableViewCell.swift */ = {isa = PBXFileReference; lastKnownFileType = sourcecode.swift; path = SelectWorkoutTableViewCell.swift; sourceTree = "<group>"; };
		80D372B92516497E00861743 /* WorkoutSelectionTableViewController.swift */ = {isa = PBXFileReference; lastKnownFileType = sourcecode.swift; path = WorkoutSelectionTableViewController.swift; sourceTree = "<group>"; };
/* End PBXFileReference section */

/* Begin PBXFrameworksBuildPhase section */
		80D3725D251616BA00861743 /* Frameworks */ = {
			isa = PBXFrameworksBuildPhase;
			buildActionMask = 2147483647;
			files = (
			);
			runOnlyForDeploymentPostprocessing = 0;
		};
/* End PBXFrameworksBuildPhase section */

/* Begin PBXGroup section */
		80D37257251616BA00861743 = {
			isa = PBXGroup;
			children = (
				80D37262251616BA00861743 /* MyGym */,
				80D37261251616BA00861743 /* Products */,
			);
			sourceTree = "<group>";
		};
		80D37261251616BA00861743 /* Products */ = {
			isa = PBXGroup;
			children = (
				80D37260251616BA00861743 /* MyGym.app */,
			);
			name = Products;
			sourceTree = "<group>";
		};
		80D37262251616BA00861743 /* MyGym */ = {
			isa = PBXGroup;
			children = (
				80D372A22516356F00861743 /* User.swift */,
				80D37269251616BA00861743 /* Main.storyboard */,
				80D3728125161FD100861743 /* Exercise.swift */,
				80D372852516207C00861743 /* Workout.swift */,
				80D37289251623EF00861743 /* TestWorkouts.swift */,
				80D372B0251646CC00861743 /* SelectWorkoutTableViewCell.swift */,
				80D372B92516497E00861743 /* WorkoutSelectionTableViewController.swift */,
				80D372AD2516463000861743 /* Social Media */,
				80D3726F251616BB00861743 /* Assets.xcassets */,
				80D37274251616BB00861743 /* Info.plist */,
				80D3726C251616BA00861743 /* MyGym.xcdatamodeld */,
				80D372842516206000861743 /* Supporting */,
				80D372A62516384200861743 /* Post.swift */,
			);
			path = MyGym;
			sourceTree = "<group>";
		};
		80D372842516206000861743 /* Supporting */ = {
			isa = PBXGroup;
			children = (
				80D37271251616BB00861743 /* LaunchScreen.storyboard */,
				80D37263251616BA00861743 /* AppDelegate.swift */,
				80D37265251616BA00861743 /* SceneDelegate.swift */,
			);
			path = Supporting;
			sourceTree = "<group>";
		};
		80D372AD2516463000861743 /* Social Media */ = {
			isa = PBXGroup;
			children = (
				80D372A925163C5A00861743 /* AddPostViewController.swift */,
				80D3729E25162F1A00861743 /* FeedViewController.swift */,
				80D3728D251629B800861743 /* WorkoutDiagrammView.swift */,
				80D3729025162B6A00861743 /* WorkoutFeedCell.swift */,
			);
			path = "Social Media";
			sourceTree = "<group>";
		};
/* End PBXGroup section */

/* Begin PBXNativeTarget section */
		80D3725F251616BA00861743 /* MyGym */ = {
			isa = PBXNativeTarget;
			buildConfigurationList = 80D37277251616BB00861743 /* Build configuration list for PBXNativeTarget "MyGym" */;
			buildPhases = (
				80D3725C251616BA00861743 /* Sources */,
				80D3725D251616BA00861743 /* Frameworks */,
				80D3725E251616BA00861743 /* Resources */,
			);
			buildRules = (
			);
			dependencies = (
			);
			name = MyGym;
			productName = MyGym;
			productReference = 80D37260251616BA00861743 /* MyGym.app */;
			productType = "com.apple.product-type.application";
		};
/* End PBXNativeTarget section */

/* Begin PBXProject section */
		80D37258251616BA00861743 /* Project object */ = {
			isa = PBXProject;
			attributes = {
				LastSwiftUpdateCheck = 1200;
				LastUpgradeCheck = 1200;
				TargetAttributes = {
					80D3725F251616BA00861743 = {
						CreatedOnToolsVersion = 12.0;
					};
				};
			};
			buildConfigurationList = 80D3725B251616BA00861743 /* Build configuration list for PBXProject "MyGym" */;
			compatibilityVersion = "Xcode 9.3";
			developmentRegion = en;
			hasScannedForEncodings = 0;
			knownRegions = (
				en,
				Base,
			);
			mainGroup = 80D37257251616BA00861743;
			productRefGroup = 80D37261251616BA00861743 /* Products */;
			projectDirPath = "";
			projectRoot = "";
			targets = (
				80D3725F251616BA00861743 /* MyGym */,
			);
		};
/* End PBXProject section */

/* Begin PBXResourcesBuildPhase section */
		80D3725E251616BA00861743 /* Resources */ = {
			isa = PBXResourcesBuildPhase;
			buildActionMask = 2147483647;
			files = (
				80D37273251616BB00861743 /* LaunchScreen.storyboard in Resources */,
				80D37270251616BB00861743 /* Assets.xcassets in Resources */,
				80D3726B251616BA00861743 /* Main.storyboard in Resources */,
			);
			runOnlyForDeploymentPostprocessing = 0;
		};
/* End PBXResourcesBuildPhase section */

/* Begin PBXSourcesBuildPhase section */
		80D3725C251616BA00861743 /* Sources */ = {
			isa = PBXSourcesBuildPhase;
			buildActionMask = 2147483647;
			files = (
				80D372B1251646CC00861743 /* SelectWorkoutTableViewCell.swift in Sources */,
				80D3728225161FD100861743 /* Exercise.swift in Sources */,
				80D372A72516384200861743 /* Post.swift in Sources */,
				80D3729F25162F1A00861743 /* FeedViewController.swift in Sources */,
				80D3726E251616BA00861743 /* MyGym.xcdatamodeld in Sources */,
				80D372AA25163C5A00861743 /* AddPostViewController.swift in Sources */,
				80D37264251616BA00861743 /* AppDelegate.swift in Sources */,
				80D3728E251629B800861743 /* WorkoutDiagrammView.swift in Sources */,
				80D37266251616BA00861743 /* SceneDelegate.swift in Sources */,
				80D3729125162B6A00861743 /* WorkoutFeedCell.swift in Sources */,
				80D3728A251623EF00861743 /* TestWorkouts.swift in Sources */,
				80D372A32516356F00861743 /* User.swift in Sources */,
				80D372BA2516497E00861743 /* WorkoutSelectionTableViewController.swift in Sources */,
				80D372862516207C00861743 /* Workout.swift in Sources */,
			);
			runOnlyForDeploymentPostprocessing = 0;
		};
/* End PBXSourcesBuildPhase section */

/* Begin PBXVariantGroup section */
		80D37269251616BA00861743 /* Main.storyboard */ = {
			isa = PBXVariantGroup;
			children = (
				80D3726A251616BA00861743 /* Base */,
			);
			name = Main.storyboard;
			sourceTree = "<group>";
		};
		80D37271251616BB00861743 /* LaunchScreen.storyboard */ = {
			isa = PBXVariantGroup;
			children = (
				80D37272251616BB00861743 /* Base */,
			);
			name = LaunchScreen.storyboard;
			sourceTree = "<group>";
		};
/* End PBXVariantGroup section */

/* Begin XCBuildConfiguration section */
		80D37275251616BB00861743 /* Debug */ = {
			isa = XCBuildConfiguration;
			buildSettings = {
				ALWAYS_SEARCH_USER_PATHS = NO;
				CLANG_ANALYZER_NONNULL = YES;
				CLANG_ANALYZER_NUMBER_OBJECT_CONVERSION = YES_AGGRESSIVE;
				CLANG_CXX_LANGUAGE_STANDARD = "gnu++14";
				CLANG_CXX_LIBRARY = "libc++";
				CLANG_ENABLE_MODULES = YES;
				CLANG_ENABLE_OBJC_ARC = YES;
				CLANG_ENABLE_OBJC_WEAK = YES;
				CLANG_WARN_BLOCK_CAPTURE_AUTORELEASING = YES;
				CLANG_WARN_BOOL_CONVERSION = YES;
				CLANG_WARN_COMMA = YES;
				CLANG_WARN_CONSTANT_CONVERSION = YES;
				CLANG_WARN_DEPRECATED_OBJC_IMPLEMENTATIONS = YES;
				CLANG_WARN_DIRECT_OBJC_ISA_USAGE = YES_ERROR;
				CLANG_WARN_DOCUMENTATION_COMMENTS = YES;
				CLANG_WARN_EMPTY_BODY = YES;
				CLANG_WARN_ENUM_CONVERSION = YES;
				CLANG_WARN_INFINITE_RECURSION = YES;
				CLANG_WARN_INT_CONVERSION = YES;
				CLANG_WARN_NON_LITERAL_NULL_CONVERSION = YES;
				CLANG_WARN_OBJC_IMPLICIT_RETAIN_SELF = YES;
				CLANG_WARN_OBJC_LITERAL_CONVERSION = YES;
				CLANG_WARN_OBJC_ROOT_CLASS = YES_ERROR;
				CLANG_WARN_QUOTED_INCLUDE_IN_FRAMEWORK_HEADER = YES;
				CLANG_WARN_RANGE_LOOP_ANALYSIS = YES;
				CLANG_WARN_STRICT_PROTOTYPES = YES;
				CLANG_WARN_SUSPICIOUS_MOVE = YES;
				CLANG_WARN_UNGUARDED_AVAILABILITY = YES_AGGRESSIVE;
				CLANG_WARN_UNREACHABLE_CODE = YES;
				CLANG_WARN__DUPLICATE_METHOD_MATCH = YES;
				COPY_PHASE_STRIP = NO;
				DEBUG_INFORMATION_FORMAT = dwarf;
				ENABLE_STRICT_OBJC_MSGSEND = YES;
				ENABLE_TESTABILITY = YES;
				GCC_C_LANGUAGE_STANDARD = gnu11;
				GCC_DYNAMIC_NO_PIC = NO;
				GCC_NO_COMMON_BLOCKS = YES;
				GCC_OPTIMIZATION_LEVEL = 0;
				GCC_PREPROCESSOR_DEFINITIONS = (
					"DEBUG=1",
					"$(inherited)",
				);
				GCC_WARN_64_TO_32_BIT_CONVERSION = YES;
				GCC_WARN_ABOUT_RETURN_TYPE = YES_ERROR;
				GCC_WARN_UNDECLARED_SELECTOR = YES;
				GCC_WARN_UNINITIALIZED_AUTOS = YES_AGGRESSIVE;
				GCC_WARN_UNUSED_FUNCTION = YES;
				GCC_WARN_UNUSED_VARIABLE = YES;
				IPHONEOS_DEPLOYMENT_TARGET = 14.0;
				MTL_ENABLE_DEBUG_INFO = INCLUDE_SOURCE;
				MTL_FAST_MATH = YES;
				ONLY_ACTIVE_ARCH = YES;
				SDKROOT = iphoneos;
				SWIFT_ACTIVE_COMPILATION_CONDITIONS = DEBUG;
				SWIFT_OPTIMIZATION_LEVEL = "-Onone";
			};
			name = Debug;
		};
		80D37276251616BB00861743 /* Release */ = {
			isa = XCBuildConfiguration;
			buildSettings = {
				ALWAYS_SEARCH_USER_PATHS = NO;
				CLANG_ANALYZER_NONNULL = YES;
				CLANG_ANALYZER_NUMBER_OBJECT_CONVERSION = YES_AGGRESSIVE;
				CLANG_CXX_LANGUAGE_STANDARD = "gnu++14";
				CLANG_CXX_LIBRARY = "libc++";
				CLANG_ENABLE_MODULES = YES;
				CLANG_ENABLE_OBJC_ARC = YES;
				CLANG_ENABLE_OBJC_WEAK = YES;
				CLANG_WARN_BLOCK_CAPTURE_AUTORELEASING = YES;
				CLANG_WARN_BOOL_CONVERSION = YES;
				CLANG_WARN_COMMA = YES;
				CLANG_WARN_CONSTANT_CONVERSION = YES;
				CLANG_WARN_DEPRECATED_OBJC_IMPLEMENTATIONS = YES;
				CLANG_WARN_DIRECT_OBJC_ISA_USAGE = YES_ERROR;
				CLANG_WARN_DOCUMENTATION_COMMENTS = YES;
				CLANG_WARN_EMPTY_BODY = YES;
				CLANG_WARN_ENUM_CONVERSION = YES;
				CLANG_WARN_INFINITE_RECURSION = YES;
				CLANG_WARN_INT_CONVERSION = YES;
				CLANG_WARN_NON_LITERAL_NULL_CONVERSION = YES;
				CLANG_WARN_OBJC_IMPLICIT_RETAIN_SELF = YES;
				CLANG_WARN_OBJC_LITERAL_CONVERSION = YES;
				CLANG_WARN_OBJC_ROOT_CLASS = YES_ERROR;
				CLANG_WARN_QUOTED_INCLUDE_IN_FRAMEWORK_HEADER = YES;
				CLANG_WARN_RANGE_LOOP_ANALYSIS = YES;
				CLANG_WARN_STRICT_PROTOTYPES = YES;
				CLANG_WARN_SUSPICIOUS_MOVE = YES;
				CLANG_WARN_UNGUARDED_AVAILABILITY = YES_AGGRESSIVE;
				CLANG_WARN_UNREACHABLE_CODE = YES;
				CLANG_WARN__DUPLICATE_METHOD_MATCH = YES;
				COPY_PHASE_STRIP = NO;
				DEBUG_INFORMATION_FORMAT = "dwarf-with-dsym";
				ENABLE_NS_ASSERTIONS = NO;
				ENABLE_STRICT_OBJC_MSGSEND = YES;
				GCC_C_LANGUAGE_STANDARD = gnu11;
				GCC_NO_COMMON_BLOCKS = YES;
				GCC_WARN_64_TO_32_BIT_CONVERSION = YES;
				GCC_WARN_ABOUT_RETURN_TYPE = YES_ERROR;
				GCC_WARN_UNDECLARED_SELECTOR = YES;
				GCC_WARN_UNINITIALIZED_AUTOS = YES_AGGRESSIVE;
				GCC_WARN_UNUSED_FUNCTION = YES;
				GCC_WARN_UNUSED_VARIABLE = YES;
				IPHONEOS_DEPLOYMENT_TARGET = 14.0;
				MTL_ENABLE_DEBUG_INFO = NO;
				MTL_FAST_MATH = YES;
				SDKROOT = iphoneos;
				SWIFT_COMPILATION_MODE = wholemodule;
				SWIFT_OPTIMIZATION_LEVEL = "-O";
				VALIDATE_PRODUCT = YES;
			};
			name = Release;
		};
		80D37278251616BB00861743 /* Debug */ = {
			isa = XCBuildConfiguration;
			buildSettings = {
				ASSETCATALOG_COMPILER_APPICON_NAME = AppIcon;
				ASSETCATALOG_COMPILER_GLOBAL_ACCENT_COLOR_NAME = AccentColor;
				CODE_SIGN_IDENTITY = "Apple Development";
				CODE_SIGN_STYLE = Automatic;
				DEVELOPMENT_TEAM = 4YLLPQW969;
				INFOPLIST_FILE = MyGym/Info.plist;
				LD_RUNPATH_SEARCH_PATHS = (
					"$(inherited)",
					"@executable_path/Frameworks",
				);
				PRODUCT_BUNDLE_IDENTIFIER = myGymAppIdentifier;
				PRODUCT_NAME = "$(TARGET_NAME)";
				PROVISIONING_PROFILE_SPECIFIER = "";
				SWIFT_VERSION = 5.0;
				TARGETED_DEVICE_FAMILY = "1,2";
			};
			name = Debug;
		};
		80D37279251616BB00861743 /* Release */ = {
			isa = XCBuildConfiguration;
			buildSettings = {
				ASSETCATALOG_COMPILER_APPICON_NAME = AppIcon;
				ASSETCATALOG_COMPILER_GLOBAL_ACCENT_COLOR_NAME = AccentColor;
				CODE_SIGN_IDENTITY = "Apple Development";
				CODE_SIGN_STYLE = Automatic;
				DEVELOPMENT_TEAM = 4YLLPQW969;
				INFOPLIST_FILE = MyGym/Info.plist;
				LD_RUNPATH_SEARCH_PATHS = (
					"$(inherited)",
					"@executable_path/Frameworks",
				);
				PRODUCT_BUNDLE_IDENTIFIER = myGymAppIdentifier;
				PRODUCT_NAME = "$(TARGET_NAME)";
				PROVISIONING_PROFILE_SPECIFIER = "";
				SWIFT_VERSION = 5.0;
				TARGETED_DEVICE_FAMILY = "1,2";
			};
			name = Release;
		};
/* End XCBuildConfiguration section */

/* Begin XCConfigurationList section */
		80D3725B251616BA00861743 /* Build configuration list for PBXProject "MyGym" */ = {
			isa = XCConfigurationList;
			buildConfigurations = (
				80D37275251616BB00861743 /* Debug */,
				80D37276251616BB00861743 /* Release */,
			);
			defaultConfigurationIsVisible = 0;
			defaultConfigurationName = Release;
		};
		80D37277251616BB00861743 /* Build configuration list for PBXNativeTarget "MyGym" */ = {
			isa = XCConfigurationList;
			buildConfigurations = (
				80D37278251616BB00861743 /* Debug */,
				80D37279251616BB00861743 /* Release */,
			);
			defaultConfigurationIsVisible = 0;
			defaultConfigurationName = Release;
		};
/* End XCConfigurationList section */

/* Begin XCVersionGroup section */
		80D3726C251616BA00861743 /* MyGym.xcdatamodeld */ = {
			isa = XCVersionGroup;
			children = (
				80D3726D251616BA00861743 /* MyGym.xcdatamodel */,
			);
			currentVersion = 80D3726D251616BA00861743 /* MyGym.xcdatamodel */;
			path = MyGym.xcdatamodeld;
			sourceTree = "<group>";
			versionGroupType = wrapper.xcdatamodel;
		};
/* End XCVersionGroup section */
	};
	rootObject = 80D37258251616BA00861743 /* Project object */;
}
